
Microsoft Visual Studio Solution File, Format Version 12.00
# Visual Studio 15
VisualStudioVersion = 15.0.28307.572
MinimumVisualStudioVersion = 10.0.40219.1
Project("{FAE04EC0-301F-11D3-BF4B-00C04F79EFBC}") = "NUnit", "NUnit\NUnit.csproj", "{19161CEF-DEB7-401A-84EB-4FD3108F6EF6}"
EndProject
Project("{FAE04EC0-301F-11D3-BF4B-00C04F79EFBC}") = "Calc.Test", "Calc.Test\Calc.Test.csproj", "{7CABE24E-2FAD-4199-9148-8AED7BEBFBE5}"
EndProject
Global
	GlobalSection(SolutionConfigurationPlatforms) = preSolution
		Debug|Any CPU = Debug|Any CPU
		Release|Any CPU = Release|Any CPU
	EndGlobalSection
	GlobalSection(ProjectConfigurationPlatforms) = postSolution
		{19161CEF-DEB7-401A-84EB-4FD3108F6EF6}.Debug|Any CPU.ActiveCfg = Debug|Any CPU
		{19161CEF-DEB7-401A-84EB-4FD3108F6EF6}.Debug|Any CPU.Build.0 = Debug|Any CPU
		{19161CEF-DEB7-401A-84EB-4FD3108F6EF6}.Release|Any CPU.ActiveCfg = Release|Any CPU
		{19161CEF-DEB7-401A-84EB-4FD3108F6EF6}.Release|Any CPU.Build.0 = Release|Any CPU
		{7CABE24E-2FAD-4199-9148-8AED7BEBFBE5}.Debug|Any CPU.ActiveCfg = Debug|Any CPU
		{7CABE24E-2FAD-4199-9148-8AED7BEBFBE5}.Debug|Any CPU.Build.0 = Debug|Any CPU
		{7CABE24E-2FAD-4199-9148-8AED7BEBFBE5}.Release|Any CPU.ActiveCfg = Release|Any CPU
		{7CABE24E-2FAD-4199-9148-8AED7BEBFBE5}.Release|Any CPU.Build.0 = Release|Any CPU
	EndGlobalSection
	GlobalSection(SolutionProperties) = preSolution
		HideSolutionNode = FALSE
	EndGlobalSection
	GlobalSection(ExtensibilityGlobals) = postSolution
		SolutionGuid = {28E423B1-3B70-46BF-9FFC-014039FBB1E1}
	EndGlobalSection
EndGlobal
